// !$*UTF8*$!
{
	archiveVersion = 1;
	classes = {
	};
	objectVersion = 50;
	objects = {

/* Begin PBXBuildFile section */
		8492F125228236EB004B5693 /* AppDelegate.swift in Sources */ = {isa = PBXBuildFile; fileRef = 8492F124228236EB004B5693 /* AppDelegate.swift */; };
		8492F12A228236EB004B5693 /* Main.storyboard in Resources */ = {isa = PBXBuildFile; fileRef = 8492F128228236EB004B5693 /* Main.storyboard */; };
		8492F12C228236EC004B5693 /* Assets.xcassets in Resources */ = {isa = PBXBuildFile; fileRef = 8492F12B228236EC004B5693 /* Assets.xcassets */; };
		8492F12F228236EC004B5693 /* LaunchScreen.storyboard in Resources */ = {isa = PBXBuildFile; fileRef = 8492F12D228236EC004B5693 /* LaunchScreen.storyboard */; };
		8492F13A22823946004B5693 /* CategoryCircle.swift in Sources */ = {isa = PBXBuildFile; fileRef = 8492F13922823946004B5693 /* CategoryCircle.swift */; };
		8492F13D22823BF7004B5693 /* UIColor+Extension.swift in Sources */ = {isa = PBXBuildFile; fileRef = 8492F13C22823BF7004B5693 /* UIColor+Extension.swift */; };
		8492F13F22823C01004B5693 /* UIView+Extensions.swift in Sources */ = {isa = PBXBuildFile; fileRef = 8492F13E22823C01004B5693 /* UIView+Extensions.swift */; };
		84BE1952228266E9008835C8 /* OpeningController.swift in Sources */ = {isa = PBXBuildFile; fileRef = 84BE1951228266E9008835C8 /* OpeningController.swift */; };
/* End PBXBuildFile section */

/* Begin PBXFileReference section */
		8492F121228236EB004B5693 /* SpinCircle.app */ = {isa = PBXFileReference; explicitFileType = wrapper.application; includeInIndex = 0; path = SpinCircle.app; sourceTree = BUILT_PRODUCTS_DIR; };
		8492F124228236EB004B5693 /* AppDelegate.swift */ = {isa = PBXFileReference; lastKnownFileType = sourcecode.swift; path = AppDelegate.swift; sourceTree = "<group>"; };
		8492F129228236EB004B5693 /* Base */ = {isa = PBXFileReference; lastKnownFileType = file.storyboard; name = Base; path = Base.lproj/Main.storyboard; sourceTree = "<group>"; };
		8492F12B228236EC004B5693 /* Assets.xcassets */ = {isa = PBXFileReference; lastKnownFileType = folder.assetcatalog; path = Assets.xcassets; sourceTree = "<group>"; };
		8492F12E228236EC004B5693 /* Base */ = {isa = PBXFileReference; lastKnownFileType = file.storyboard; name = Base; path = Base.lproj/LaunchScreen.storyboard; sourceTree = "<group>"; };
		8492F130228236EC004B5693 /* Info.plist */ = {isa = PBXFileReference; lastKnownFileType = text.plist.xml; path = Info.plist; sourceTree = "<group>"; };
		8492F13922823946004B5693 /* CategoryCircle.swift */ = {isa = PBXFileReference; lastKnownFileType = sourcecode.swift; path = CategoryCircle.swift; sourceTree = "<group>"; };
		8492F13C22823BF7004B5693 /* UIColor+Extension.swift */ = {isa = PBXFileReference; fileEncoding = 4; lastKnownFileType = sourcecode.swift; path = "UIColor+Extension.swift"; sourceTree = "<group>"; };
		8492F13E22823C01004B5693 /* UIView+Extensions.swift */ = {isa = PBXFileReference; fileEncoding = 4; lastKnownFileType = sourcecode.swift; path = "UIView+Extensions.swift"; sourceTree = "<group>"; };
		84BE1951228266E9008835C8 /* OpeningController.swift */ = {isa = PBXFileReference; lastKnownFileType = sourcecode.swift; path = OpeningController.swift; sourceTree = "<group>"; };
/* End PBXFileReference section */

/* Begin PBXFrameworksBuildPhase section */
		8492F11E228236EB004B5693 /* Frameworks */ = {
			isa = PBXFrameworksBuildPhase;
			buildActionMask = 2147483647;
			files = (
			);
			runOnlyForDeploymentPostprocessing = 0;
		};
/* End PBXFrameworksBuildPhase section */

/* Begin PBXGroup section */
		8492F118228236EA004B5693 = {
			isa = PBXGroup;
			children = (
				8492F123228236EB004B5693 /* SpinCircle */,
				8492F122228236EB004B5693 /* Products */,
			);
			sourceTree = "<group>";
		};
		8492F122228236EB004B5693 /* Products */ = {
			isa = PBXGroup;
			children = (
				8492F121228236EB004B5693 /* SpinCircle.app */,
			);
			name = Products;
			sourceTree = "<group>";
		};
		8492F123228236EB004B5693 /* SpinCircle */ = {
			isa = PBXGroup;
			children = (
				8492F13B22823BAD004B5693 /* VIEWS */,
				8492F136228236FD004B5693 /* OpeningController */,
				8492F124228236EB004B5693 /* AppDelegate.swift */,
				8492F130228236EC004B5693 /* Info.plist */,
			);
			path = SpinCircle;
			sourceTree = "<group>";
		};
		8492F136228236FD004B5693 /* OpeningController */ = {
			isa = PBXGroup;
			children = (
				84BE1951228266E9008835C8 /* OpeningController.swift */,
			);
			path = OpeningController;
			sourceTree = "<group>";
		};
		8492F13B22823BAD004B5693 /* VIEWS */ = {
			isa = PBXGroup;
			children = (
				8492F13E22823C01004B5693 /* UIView+Extensions.swift */,
				8492F13C22823BF7004B5693 /* UIColor+Extension.swift */,
				8492F12D228236EC004B5693 /* LaunchScreen.storyboard */,
				8492F128228236EB004B5693 /* Main.storyboard */,
				8492F13922823946004B5693 /* CategoryCircle.swift */,
				8492F12B228236EC004B5693 /* Assets.xcassets */,
			);
			path = VIEWS;
			sourceTree = "<group>";
		};
/* End PBXGroup section */

/* Begin PBXNativeTarget section */
		8492F120228236EB004B5693 /* SpinCircle */ = {
			isa = PBXNativeTarget;
			buildConfigurationList = 8492F133228236EC004B5693 /* Build configuration list for PBXNativeTarget "SpinCircle" */;
			buildPhases = (
				8492F11D228236EB004B5693 /* Sources */,
				8492F11E228236EB004B5693 /* Frameworks */,
				8492F11F228236EB004B5693 /* Resources */,
			);
			buildRules = (
			);
			dependencies = (
			);
			name = SpinCircle;
			productName = SpinCircle;
			productReference = 8492F121228236EB004B5693 /* SpinCircle.app */;
			productType = "com.apple.product-type.application";
		};
/* End PBXNativeTarget section */

/* Begin PBXProject section */
		8492F119228236EA004B5693 /* Project object */ = {
			isa = PBXProject;
			attributes = {
				LastSwiftUpdateCheck = 1020;
				LastUpgradeCheck = 1020;
				ORGANIZATIONNAME = admin;
				TargetAttributes = {
					8492F120228236EB004B5693 = {
						CreatedOnToolsVersion = 10.2.1;
					};
				};
			};
			buildConfigurationList = 8492F11C228236EA004B5693 /* Build configuration list for PBXProject "SpinCircle" */;
			compatibilityVersion = "Xcode 9.3";
			developmentRegion = en;
			hasScannedForEncodings = 0;
			knownRegions = (
				en,
				Base,
			);
			mainGroup = 8492F118228236EA004B5693;
			productRefGroup = 8492F122228236EB004B5693 /* Products */;
			projectDirPath = "";
			projectRoot = "";
			targets = (
				8492F120228236EB004B5693 /* SpinCircle */,
			);
		};
/* End PBXProject section */

/* Begin PBXResourcesBuildPhase section */
		8492F11F228236EB004B5693 /* Resources */ = {
			isa = PBXResourcesBuildPhase;
			buildActionMask = 2147483647;
			files = (
				8492F12F228236EC004B5693 /* LaunchScreen.storyboard in Resources */,
				8492F12C228236EC004B5693 /* Assets.xcassets in Resources */,
				8492F12A228236EB004B5693 /* Main.storyboard in Resources */,
			);
			runOnlyForDeploymentPostprocessing = 0;
		};
/* End PBXResourcesBuildPhase section */

/* Begin PBXSourcesBuildPhase section */
		8492F11D228236EB004B5693 /* Sources */ = {
			isa = PBXSourcesBuildPhase;
			buildActionMask = 2147483647;
			files = (
				8492F13A22823946004B5693 /* CategoryCircle.swift in Sources */,
				8492F13F22823C01004B5693 /* UIView+Extensions.swift in Sources */,
				84BE1952228266E9008835C8 /* OpeningController.swift in Sources */,
				8492F125228236EB004B5693 /* AppDelegate.swift in Sources */,
				8492F13D22823BF7004B5693 /* UIColor+Extension.swift in Sources */,
			);
			runOnlyForDeploymentPostprocessing = 0;
		};
/* End PBXSourcesBuildPhase section */

/* Begin PBXVariantGroup section */
		8492F128228236EB004B5693 /* Main.storyboard */ = {
			isa = PBXVariantGroup;
			children = (
				8492F129228236EB004B5693 /* Base */,
			);
			name = Main.storyboard;
			sourceTree = "<group>";
		};
		8492F12D228236EC004B5693 /* LaunchScreen.storyboard */ = {
			isa = PBXVariantGroup;
			children = (
				8492F12E228236EC004B5693 /* Base */,
			);
			name = LaunchScreen.storyboard;
			sourceTree = "<group>";
		};
/* End PBXVariantGroup section */

/* Begin XCBuildConfiguration section */
		8492F131228236EC004B5693 /* Debug */ = {
			isa = XCBuildConfiguration;
			buildSettings = {
				ALWAYS_SEARCH_USER_PATHS = NO;
				CLANG_ANALYZER_NONNULL = YES;
				CLANG_ANALYZER_NUMBER_OBJECT_CONVERSION = YES_AGGRESSIVE;
				CLANG_CXX_LANGUAGE_STANDARD = "gnu++14";
				CLANG_CXX_LIBRARY = "libc++";
				CLANG_ENABLE_MODULES = YES;
				CLANG_ENABLE_OBJC_ARC = YES;
				CLANG_ENABLE_OBJC_WEAK = YES;
				CLANG_WARN_BLOCK_CAPTURE_AUTORELEASING = YES;
				CLANG_WARN_BOOL_CONVERSION = YES;
				CLANG_WARN_COMMA = YES;
				CLANG_WARN_CONSTANT_CONVERSION = YES;
				CLANG_WARN_DEPRECATED_OBJC_IMPLEMENTATIONS = YES;
				CLANG_WARN_DIRECT_OBJC_ISA_USAGE = YES_ERROR;
				CLANG_WARN_DOCUMENTATION_COMMENTS = YES;
				CLANG_WARN_EMPTY_BODY = YES;
				CLANG_WARN_ENUM_CONVERSION = YES;
				CLANG_WARN_INFINITE_RECURSION = YES;
				CLANG_WARN_INT_CONVERSION = YES;
				CLANG_WARN_NON_LITERAL_NULL_CONVERSION = YES;
				CLANG_WARN_OBJC_IMPLICIT_RETAIN_SELF = YES;
				CLANG_WARN_OBJC_LITERAL_CONVERSION = YES;
				CLANG_WARN_OBJC_ROOT_CLASS = YES_ERROR;
				CLANG_WARN_RANGE_LOOP_ANALYSIS = YES;
				CLANG_WARN_STRICT_PROTOTYPES = YES;
				CLANG_WARN_SUSPICIOUS_MOVE = YES;
				CLANG_WARN_UNGUARDED_AVAILABILITY = YES_AGGRESSIVE;
				CLANG_WARN_UNREACHABLE_CODE = YES;
				CLANG_WARN__DUPLICATE_METHOD_MATCH = YES;
				CODE_SIGN_IDENTITY = "iPhone Developer";
				COPY_PHASE_STRIP = NO;
				DEBUG_INFORMATION_FORMAT = dwarf;
				ENABLE_STRICT_OBJC_MSGSEND = YES;
				ENABLE_TESTABILITY = YES;
				GCC_C_LANGUAGE_STANDARD = gnu11;
				GCC_DYNAMIC_NO_PIC = NO;
				GCC_NO_COMMON_BLOCKS = YES;
				GCC_OPTIMIZATION_LEVEL = 0;
				GCC_PREPROCESSOR_DEFINITIONS = (
					"DEBUG=1",
					"$(inherited)",
				);
				GCC_WARN_64_TO_32_BIT_CONVERSION = YES;
				GCC_WARN_ABOUT_RETURN_TYPE = YES_ERROR;
				GCC_WARN_UNDECLARED_SELECTOR = YES;
				GCC_WARN_UNINITIALIZED_AUTOS = YES_AGGRESSIVE;
				GCC_WARN_UNUSED_FUNCTION = YES;
				GCC_WARN_UNUSED_VARIABLE = YES;
				IPHONEOS_DEPLOYMENT_TARGET = 12.2;
				MTL_ENABLE_DEBUG_INFO = INCLUDE_SOURCE;
				MTL_FAST_MATH = YES;
				ONLY_ACTIVE_ARCH = YES;
				SDKROOT = iphoneos;
				SWIFT_ACTIVE_COMPILATION_CONDITIONS = DEBUG;
				SWIFT_OPTIMIZATION_LEVEL = "-Onone";
			};
			name = Debug;
		};
		8492F132228236EC004B5693 /* Release */ = {
			isa = XCBuildConfiguration;
			buildSettings = {
				ALWAYS_SEARCH_USER_PATHS = NO;
				CLANG_ANALYZER_NONNULL = YES;
				CLANG_ANALYZER_NUMBER_OBJECT_CONVERSION = YES_AGGRESSIVE;
				CLANG_CXX_LANGUAGE_STANDARD = "gnu++14";
				CLANG_CXX_LIBRARY = "libc++";
				CLANG_ENABLE_MODULES = YES;
				CLANG_ENABLE_OBJC_ARC = YES;
				CLANG_ENABLE_OBJC_WEAK = YES;
				CLANG_WARN_BLOCK_CAPTURE_AUTORELEASING = YES;
				CLANG_WARN_BOOL_CONVERSION = YES;
				CLANG_WARN_COMMA = YES;
				CLANG_WARN_CONSTANT_CONVERSION = YES;
				CLANG_WARN_DEPRECATED_OBJC_IMPLEMENTATIONS = YES;
				CLANG_WARN_DIRECT_OBJC_ISA_USAGE = YES_ERROR;
				CLANG_WARN_DOCUMENTATION_COMMENTS = YES;
				CLANG_WARN_EMPTY_BODY = YES;
				CLANG_WARN_ENUM_CONVERSION = YES;
				CLANG_WARN_INFINITE_RECURSION = YES;
				CLANG_WARN_INT_CONVERSION = YES;
				CLANG_WARN_NON_LITERAL_NULL_CONVERSION = YES;
				CLANG_WARN_OBJC_IMPLICIT_RETAIN_SELF = YES;
				CLANG_WARN_OBJC_LITERAL_CONVERSION = YES;
				CLANG_WARN_OBJC_ROOT_CLASS = YES_ERROR;
				CLANG_WARN_RANGE_LOOP_ANALYSIS = YES;
				CLANG_WARN_STRICT_PROTOTYPES = YES;
				CLANG_WARN_SUSPICIOUS_MOVE = YES;
				CLANG_WARN_UNGUARDED_AVAILABILITY = YES_AGGRESSIVE;
				CLANG_WARN_UNREACHABLE_CODE = YES;
				CLANG_WARN__DUPLICATE_METHOD_MATCH = YES;
				CODE_SIGN_IDENTITY = "iPhone Developer";
				COPY_PHASE_STRIP = NO;
				DEBUG_INFORMATION_FORMAT = "dwarf-with-dsym";
				ENABLE_NS_ASSERTIONS = NO;
				ENABLE_STRICT_OBJC_MSGSEND = YES;
				GCC_C_LANGUAGE_STANDARD = gnu11;
				GCC_NO_COMMON_BLOCKS = YES;
				GCC_WARN_64_TO_32_BIT_CONVERSION = YES;
				GCC_WARN_ABOUT_RETURN_TYPE = YES_ERROR;
				GCC_WARN_UNDECLARED_SELECTOR = YES;
				GCC_WARN_UNINITIALIZED_AUTOS = YES_AGGRESSIVE;
				GCC_WARN_UNUSED_FUNCTION = YES;
				GCC_WARN_UNUSED_VARIABLE = YES;
				IPHONEOS_DEPLOYMENT_TARGET = 12.2;
				MTL_ENABLE_DEBUG_INFO = NO;
				MTL_FAST_MATH = YES;
				SDKROOT = iphoneos;
				SWIFT_COMPILATION_MODE = wholemodule;
				SWIFT_OPTIMIZATION_LEVEL = "-O";
				VALIDATE_PRODUCT = YES;
			};
			name = Release;
		};
		8492F134228236EC004B5693 /* Debug */ = {
			isa = XCBuildConfiguration;
			buildSettings = {
				ASSETCATALOG_COMPILER_APPICON_NAME = AppIcon;
				CODE_SIGN_STYLE = Automatic;
				DEVELOPMENT_TEAM = S47KDE6E7N;
				INFOPLIST_FILE = SpinCircle/Info.plist;
				LD_RUNPATH_SEARCH_PATHS = (
					"$(inherited)",
					"@executable_path/Frameworks",
				);
				PRODUCT_BUNDLE_IDENTIFIER = asdf.ewr.eu.SpinCircle;
				PRODUCT_NAME = "$(TARGET_NAME)";
				SWIFT_VERSION = 5.0;
				TARGETED_DEVICE_FAMILY = "1,2";
			};
			name = Debug;
		};
		8492F135228236EC004B5693 /* Release */ = {
			isa = XCBuildConfiguration;
			buildSettings = {
				ASSETCATALOG_COMPILER_APPICON_NAME = AppIcon;
				CODE_SIGN_STYLE = Automatic;
				DEVELOPMENT_TEAM = S47KDE6E7N;
				INFOPLIST_FILE = SpinCircle/Info.plist;
				LD_RUNPATH_SEARCH_PATHS = (
					"$(inherited)",
					"@executable_path/Frameworks",
				);
				PRODUCT_BUNDLE_IDENTIFIER = asdf.ewr.eu.SpinCircle;
				PRODUCT_NAME = "$(TARGET_NAME)";
				SWIFT_VERSION = 5.0;
				TARGETED_DEVICE_FAMILY = "1,2";
			};
			name = Release;
		};
/* End XCBuildConfiguration section */

/* Begin XCConfigurationList section */
		8492F11C228236EA004B5693 /* Build configuration list for PBXProject "SpinCircle" */ = {
			isa = XCConfigurationList;
			buildConfigurations = (
				8492F131228236EC004B5693 /* Debug */,
				8492F132228236EC004B5693 /* Release */,
			);
			defaultConfigurationIsVisible = 0;
			defaultConfigurationName = Release;
		};
		8492F133228236EC004B5693 /* Build configuration list for PBXNativeTarget "SpinCircle" */ = {
			isa = XCConfigurationList;
			buildConfigurations = (
				8492F134228236EC004B5693 /* Debug */,
				8492F135228236EC004B5693 /* Release */,
			);
			defaultConfigurationIsVisible = 0;
			defaultConfigurationName = Release;
		};
/* End XCConfigurationList section */
	};
	rootObject = 8492F119228236EA004B5693 /* Project object */;
}
